
Microsoft Visual Studio Solution File, Format Version 12.00
# Visual Studio Version 16
VisualStudioVersion = 16.0.33927.289
MinimumVisualStudioVersion = 10.0.40219.1
Project("{FAE04EC0-301F-11D3-BF4B-00C04F79EFBC}") = "DemoWebNC", "DemoWebNC\DemoWebNC.csproj", "{307EAF56-BCFF-4A35-A29F-404686ED95B6}"
EndProject
Global
	GlobalSection(SolutionConfigurationPlatforms) = preSolution
		Debug|Any CPU = Debug|Any CPU
		Release|Any CPU = Release|Any CPU
	EndGlobalSection
	GlobalSection(ProjectConfigurationPlatforms) = postSolution
		{307EAF56-BCFF-4A35-A29F-404686ED95B6}.Debug|Any CPU.ActiveCfg = Debug|Any CPU
		{307EAF56-BCFF-4A35-A29F-404686ED95B6}.Debug|Any CPU.Build.0 = Debug|Any CPU
		{307EAF56-BCFF-4A35-A29F-404686ED95B6}.Release|Any CPU.ActiveCfg = Release|Any CPU
		{307EAF56-BCFF-4A35-A29F-404686ED95B6}.Release|Any CPU.Build.0 = Release|Any CPU
	EndGlobalSection
	GlobalSection(SolutionProperties) = preSolution
		HideSolutionNode = FALSE
	EndGlobalSection
	GlobalSection(ExtensibilityGlobals) = postSolution
		SolutionGuid = {8E06C7D2-6138-48C8-9346-1F9AA1BA24ED}
	EndGlobalSection
EndGlobal
